
Microsoft Visual Studio Solution File, Format Version 12.00
# Visual Studio Version 16
VisualStudioVersion = 16.0.30011.22
MinimumVisualStudioVersion = 10.0.40219.1
Project("{6EC3EE1D-3C4E-46DD-8F32-0CC8E7565705}") = "TodoListWeb.Api", "TodoListWeb.Api\TodoListWeb.Api.fsproj", "{CF18C410-5ED7-408D-98F4-2BF51093FA24}"
EndProject
Project("{6EC3EE1D-3C4E-46DD-8F32-0CC8E7565705}") = "TodoList.Front.Client", "TodoList.Front.Client\TodoList.Front.Client.fsproj", "{89E7CCE7-A342-464E-B3ED-CDE8299A52C4}"
EndProject
Project("{6EC3EE1D-3C4E-46DD-8F32-0CC8E7565705}") = "TodoList.Front.Server", "TodoList.Front.Server\TodoList.Front.Server.fsproj", "{0251BF33-3043-46AF-97AF-EECFF0EB4162}"
EndProject
Project("{2150E333-8FDC-42A3-9474-1A3956D46DE8}") = "Web", "Web", "{F3A73CF4-2B7E-4477-94EA-BD7BD044B126}"
EndProject
Project("{2150E333-8FDC-42A3-9474-1A3956D46DE8}") = "Mobile", "Mobile", "{D0B9A3C1-A7AA-4EE9-BB45-FC4957A9E134}"
EndProject
Project("{6EC3EE1D-3C4E-46DD-8F32-0CC8E7565705}") = "TodoList.Mobile", "TodoList.Mobile\TodoList.Mobile.fsproj", "{BF701A5F-C3D7-4CF5-949C-C2D16E4BD019}"
EndProject
Project("{F2A71F9B-5D33-465A-A702-920D77279786}") = "TodoList.Mobile.Android", "TodoList.Mobile.Android\TodoList.Mobile.Android.fsproj", "{676DF95B-60BF-41C4-8486-BA2E0C42F2FB}"
EndProject
Project("{F2A71F9B-5D33-465A-A702-920D77279786}") = "TodoList.Mobile.iOS", "TodoList.Mobile.iOS\TodoList.Mobile.iOS.fsproj", "{14F1954C-C4C8-4F48-A8B2-B05B30CF8D3B}"
EndProject
Global
	GlobalSection(SolutionConfigurationPlatforms) = preSolution
		Ad-Hoc|Any CPU = Ad-Hoc|Any CPU
		Ad-Hoc|iPhone = Ad-Hoc|iPhone
		Ad-Hoc|iPhoneSimulator = Ad-Hoc|iPhoneSimulator
		AppStore|Any CPU = AppStore|Any CPU
		AppStore|iPhone = AppStore|iPhone
		AppStore|iPhoneSimulator = AppStore|iPhoneSimulator
		Debug|Any CPU = Debug|Any CPU
		Debug|iPhone = Debug|iPhone
		Debug|iPhoneSimulator = Debug|iPhoneSimulator
		Release|Any CPU = Release|Any CPU
		Release|iPhone = Release|iPhone
		Release|iPhoneSimulator = Release|iPhoneSimulator
	EndGlobalSection
	GlobalSection(ProjectConfigurationPlatforms) = postSolution
		{CF18C410-5ED7-408D-98F4-2BF51093FA24}.Ad-Hoc|Any CPU.ActiveCfg = Release|Any CPU
		{CF18C410-5ED7-408D-98F4-2BF51093FA24}.Ad-Hoc|Any CPU.Build.0 = Release|Any CPU
		{CF18C410-5ED7-408D-98F4-2BF51093FA24}.Ad-Hoc|iPhone.ActiveCfg = Release|Any CPU
		{CF18C410-5ED7-408D-98F4-2BF51093FA24}.Ad-Hoc|iPhone.Build.0 = Release|Any CPU
		{CF18C410-5ED7-408D-98F4-2BF51093FA24}.Ad-Hoc|iPhoneSimulator.ActiveCfg = Release|Any CPU
		{CF18C410-5ED7-408D-98F4-2BF51093FA24}.Ad-Hoc|iPhoneSimulator.Build.0 = Release|Any CPU
		{CF18C410-5ED7-408D-98F4-2BF51093FA24}.AppStore|Any CPU.ActiveCfg = Release|Any CPU
		{CF18C410-5ED7-408D-98F4-2BF51093FA24}.AppStore|Any CPU.Build.0 = Release|Any CPU
		{CF18C410-5ED7-408D-98F4-2BF51093FA24}.AppStore|iPhone.ActiveCfg = Release|Any CPU
		{CF18C410-5ED7-408D-98F4-2BF51093FA24}.AppStore|iPhone.Build.0 = Release|Any CPU
		{CF18C410-5ED7-408D-98F4-2BF51093FA24}.AppStore|iPhoneSimulator.ActiveCfg = Release|Any CPU
		{CF18C410-5ED7-408D-98F4-2BF51093FA24}.AppStore|iPhoneSimulator.Build.0 = Release|Any CPU
		{CF18C410-5ED7-408D-98F4-2BF51093FA24}.Debug|Any CPU.ActiveCfg = Debug|Any CPU
		{CF18C410-5ED7-408D-98F4-2BF51093FA24}.Debug|Any CPU.Build.0 = Debug|Any CPU
		{CF18C410-5ED7-408D-98F4-2BF51093FA24}.Debug|iPhone.ActiveCfg = Debug|Any CPU
		{CF18C410-5ED7-408D-98F4-2BF51093FA24}.Debug|iPhone.Build.0 = Debug|Any CPU
		{CF18C410-5ED7-408D-98F4-2BF51093FA24}.Debug|iPhoneSimulator.ActiveCfg = Debug|Any CPU
		{CF18C410-5ED7-408D-98F4-2BF51093FA24}.Debug|iPhoneSimulator.Build.0 = Debug|Any CPU
		{CF18C410-5ED7-408D-98F4-2BF51093FA24}.Release|Any CPU.ActiveCfg = Release|Any CPU
		{CF18C410-5ED7-408D-98F4-2BF51093FA24}.Release|Any CPU.Build.0 = Release|Any CPU
		{CF18C410-5ED7-408D-98F4-2BF51093FA24}.Release|iPhone.ActiveCfg = Release|Any CPU
		{CF18C410-5ED7-408D-98F4-2BF51093FA24}.Release|iPhone.Build.0 = Release|Any CPU
		{CF18C410-5ED7-408D-98F4-2BF51093FA24}.Release|iPhoneSimulator.ActiveCfg = Release|Any CPU
		{CF18C410-5ED7-408D-98F4-2BF51093FA24}.Release|iPhoneSimulator.Build.0 = Release|Any CPU
		{89E7CCE7-A342-464E-B3ED-CDE8299A52C4}.Ad-Hoc|Any CPU.ActiveCfg = Release|Any CPU
		{89E7CCE7-A342-464E-B3ED-CDE8299A52C4}.Ad-Hoc|Any CPU.Build.0 = Release|Any CPU
		{89E7CCE7-A342-464E-B3ED-CDE8299A52C4}.Ad-Hoc|iPhone.ActiveCfg = Release|Any CPU
		{89E7CCE7-A342-464E-B3ED-CDE8299A52C4}.Ad-Hoc|iPhone.Build.0 = Release|Any CPU
		{89E7CCE7-A342-464E-B3ED-CDE8299A52C4}.Ad-Hoc|iPhoneSimulator.ActiveCfg = Release|Any CPU
		{89E7CCE7-A342-464E-B3ED-CDE8299A52C4}.Ad-Hoc|iPhoneSimulator.Build.0 = Release|Any CPU
		{89E7CCE7-A342-464E-B3ED-CDE8299A52C4}.AppStore|Any CPU.ActiveCfg = Release|Any CPU
		{89E7CCE7-A342-464E-B3ED-CDE8299A52C4}.AppStore|Any CPU.Build.0 = Release|Any CPU
		{89E7CCE7-A342-464E-B3ED-CDE8299A52C4}.AppStore|iPhone.ActiveCfg = Release|Any CPU
		{89E7CCE7-A342-464E-B3ED-CDE8299A52C4}.AppStore|iPhone.Build.0 = Release|Any CPU
		{89E7CCE7-A342-464E-B3ED-CDE8299A52C4}.AppStore|iPhoneSimulator.ActiveCfg = Release|Any CPU
		{89E7CCE7-A342-464E-B3ED-CDE8299A52C4}.AppStore|iPhoneSimulator.Build.0 = Release|Any CPU
		{89E7CCE7-A342-464E-B3ED-CDE8299A52C4}.Debug|Any CPU.ActiveCfg = Debug|Any CPU
		{89E7CCE7-A342-464E-B3ED-CDE8299A52C4}.Debug|Any CPU.Build.0 = Debug|Any CPU
		{89E7CCE7-A342-464E-B3ED-CDE8299A52C4}.Debug|iPhone.ActiveCfg = Debug|Any CPU
		{89E7CCE7-A342-464E-B3ED-CDE8299A52C4}.Debug|iPhone.Build.0 = Debug|Any CPU
		{89E7CCE7-A342-464E-B3ED-CDE8299A52C4}.Debug|iPhoneSimulator.ActiveCfg = Debug|Any CPU
		{89E7CCE7-A342-464E-B3ED-CDE8299A52C4}.Debug|iPhoneSimulator.Build.0 = Debug|Any CPU
		{89E7CCE7-A342-464E-B3ED-CDE8299A52C4}.Release|Any CPU.ActiveCfg = Release|Any CPU
		{89E7CCE7-A342-464E-B3ED-CDE8299A52C4}.Release|Any CPU.Build.0 = Release|Any CPU
		{89E7CCE7-A342-464E-B3ED-CDE8299A52C4}.Release|iPhone.ActiveCfg = Release|Any CPU
		{89E7CCE7-A342-464E-B3ED-CDE8299A52C4}.Release|iPhone.Build.0 = Release|Any CPU
		{89E7CCE7-A342-464E-B3ED-CDE8299A52C4}.Release|iPhoneSimulator.ActiveCfg = Release|Any CPU
		{89E7CCE7-A342-464E-B3ED-CDE8299A52C4}.Release|iPhoneSimulator.Build.0 = Release|Any CPU
		{0251BF33-3043-46AF-97AF-EECFF0EB4162}.Ad-Hoc|Any CPU.ActiveCfg = Release|Any CPU
		{0251BF33-3043-46AF-97AF-EECFF0EB4162}.Ad-Hoc|Any CPU.Build.0 = Release|Any CPU
		{0251BF33-3043-46AF-97AF-EECFF0EB4162}.Ad-Hoc|iPhone.ActiveCfg = Release|Any CPU
		{0251BF33-3043-46AF-97AF-EECFF0EB4162}.Ad-Hoc|iPhone.Build.0 = Release|Any CPU
		{0251BF33-3043-46AF-97AF-EECFF0EB4162}.Ad-Hoc|iPhoneSimulator.ActiveCfg = Release|Any CPU
		{0251BF33-3043-46AF-97AF-EECFF0EB4162}.Ad-Hoc|iPhoneSimulator.Build.0 = Release|Any CPU
		{0251BF33-3043-46AF-97AF-EECFF0EB4162}.AppStore|Any CPU.ActiveCfg = Release|Any CPU
		{0251BF33-3043-46AF-97AF-EECFF0EB4162}.AppStore|Any CPU.Build.0 = Release|Any CPU
		{0251BF33-3043-46AF-97AF-EECFF0EB4162}.AppStore|iPhone.ActiveCfg = Release|Any CPU
		{0251BF33-3043-46AF-97AF-EECFF0EB4162}.AppStore|iPhone.Build.0 = Release|Any CPU
		{0251BF33-3043-46AF-97AF-EECFF0EB4162}.AppStore|iPhoneSimulator.ActiveCfg = Release|Any CPU
		{0251BF33-3043-46AF-97AF-EECFF0EB4162}.AppStore|iPhoneSimulator.Build.0 = Release|Any CPU
		{0251BF33-3043-46AF-97AF-EECFF0EB4162}.Debug|Any CPU.ActiveCfg = Debug|Any CPU
		{0251BF33-3043-46AF-97AF-EECFF0EB4162}.Debug|Any CPU.Build.0 = Debug|Any CPU
		{0251BF33-3043-46AF-97AF-EECFF0EB4162}.Debug|iPhone.ActiveCfg = Debug|Any CPU
		{0251BF33-3043-46AF-97AF-EECFF0EB4162}.Debug|iPhone.Build.0 = Debug|Any CPU
		{0251BF33-3043-46AF-97AF-EECFF0EB4162}.Debug|iPhoneSimulator.ActiveCfg = Debug|Any CPU
		{0251BF33-3043-46AF-97AF-EECFF0EB4162}.Debug|iPhoneSimulator.Build.0 = Debug|Any CPU
		{0251BF33-3043-46AF-97AF-EECFF0EB4162}.Release|Any CPU.ActiveCfg = Release|Any CPU
		{0251BF33-3043-46AF-97AF-EECFF0EB4162}.Release|Any CPU.Build.0 = Release|Any CPU
		{0251BF33-3043-46AF-97AF-EECFF0EB4162}.Release|iPhone.ActiveCfg = Release|Any CPU
		{0251BF33-3043-46AF-97AF-EECFF0EB4162}.Release|iPhone.Build.0 = Release|Any CPU
		{0251BF33-3043-46AF-97AF-EECFF0EB4162}.Release|iPhoneSimulator.ActiveCfg = Release|Any CPU
		{0251BF33-3043-46AF-97AF-EECFF0EB4162}.Release|iPhoneSimulator.Build.0 = Release|Any CPU
		{BF701A5F-C3D7-4CF5-949C-C2D16E4BD019}.Ad-Hoc|Any CPU.ActiveCfg = Debug|Any CPU
		{BF701A5F-C3D7-4CF5-949C-C2D16E4BD019}.Ad-Hoc|Any CPU.Build.0 = Debug|Any CPU
		{BF701A5F-C3D7-4CF5-949C-C2D16E4BD019}.Ad-Hoc|iPhone.ActiveCfg = Debug|Any CPU
		{BF701A5F-C3D7-4CF5-949C-C2D16E4BD019}.Ad-Hoc|iPhone.Build.0 = Debug|Any CPU
		{BF701A5F-C3D7-4CF5-949C-C2D16E4BD019}.Ad-Hoc|iPhoneSimulator.ActiveCfg = Debug|Any CPU
		{BF701A5F-C3D7-4CF5-949C-C2D16E4BD019}.Ad-Hoc|iPhoneSimulator.Build.0 = Debug|Any CPU
		{BF701A5F-C3D7-4CF5-949C-C2D16E4BD019}.AppStore|Any CPU.ActiveCfg = Debug|Any CPU
		{BF701A5F-C3D7-4CF5-949C-C2D16E4BD019}.AppStore|Any CPU.Build.0 = Debug|Any CPU
		{BF701A5F-C3D7-4CF5-949C-C2D16E4BD019}.AppStore|iPhone.ActiveCfg = Debug|Any CPU
		{BF701A5F-C3D7-4CF5-949C-C2D16E4BD019}.AppStore|iPhone.Build.0 = Debug|Any CPU
		{BF701A5F-C3D7-4CF5-949C-C2D16E4BD019}.AppStore|iPhoneSimulator.ActiveCfg = Debug|Any CPU
		{BF701A5F-C3D7-4CF5-949C-C2D16E4BD019}.AppStore|iPhoneSimulator.Build.0 = Debug|Any CPU
		{BF701A5F-C3D7-4CF5-949C-C2D16E4BD019}.Debug|Any CPU.ActiveCfg = Debug|Any CPU
		{BF701A5F-C3D7-4CF5-949C-C2D16E4BD019}.Debug|Any CPU.Build.0 = Debug|Any CPU
		{BF701A5F-C3D7-4CF5-949C-C2D16E4BD019}.Debug|iPhone.ActiveCfg = Debug|Any CPU
		{BF701A5F-C3D7-4CF5-949C-C2D16E4BD019}.Debug|iPhone.Build.0 = Debug|Any CPU
		{BF701A5F-C3D7-4CF5-949C-C2D16E4BD019}.Debug|iPhoneSimulator.ActiveCfg = Debug|Any CPU
		{BF701A5F-C3D7-4CF5-949C-C2D16E4BD019}.Debug|iPhoneSimulator.Build.0 = Debug|Any CPU
		{BF701A5F-C3D7-4CF5-949C-C2D16E4BD019}.Release|Any CPU.ActiveCfg = Release|Any CPU
		{BF701A5F-C3D7-4CF5-949C-C2D16E4BD019}.Release|Any CPU.Build.0 = Release|Any CPU
		{BF701A5F-C3D7-4CF5-949C-C2D16E4BD019}.Release|iPhone.ActiveCfg = Release|Any CPU
		{BF701A5F-C3D7-4CF5-949C-C2D16E4BD019}.Release|iPhone.Build.0 = Release|Any CPU
		{BF701A5F-C3D7-4CF5-949C-C2D16E4BD019}.Release|iPhoneSimulator.ActiveCfg = Release|Any CPU
		{BF701A5F-C3D7-4CF5-949C-C2D16E4BD019}.Release|iPhoneSimulator.Build.0 = Release|Any CPU
		{676DF95B-60BF-41C4-8486-BA2E0C42F2FB}.Ad-Hoc|Any CPU.ActiveCfg = Release|Any CPU
		{676DF95B-60BF-41C4-8486-BA2E0C42F2FB}.Ad-Hoc|Any CPU.Build.0 = Release|Any CPU
		{676DF95B-60BF-41C4-8486-BA2E0C42F2FB}.Ad-Hoc|Any CPU.Deploy.0 = Release|Any CPU
		{676DF95B-60BF-41C4-8486-BA2E0C42F2FB}.Ad-Hoc|iPhone.ActiveCfg = Release|Any CPU
		{676DF95B-60BF-41C4-8486-BA2E0C42F2FB}.Ad-Hoc|iPhone.Build.0 = Release|Any CPU
		{676DF95B-60BF-41C4-8486-BA2E0C42F2FB}.Ad-Hoc|iPhone.Deploy.0 = Release|Any CPU
		{676DF95B-60BF-41C4-8486-BA2E0C42F2FB}.Ad-Hoc|iPhoneSimulator.ActiveCfg = Release|Any CPU
		{676DF95B-60BF-41C4-8486-BA2E0C42F2FB}.Ad-Hoc|iPhoneSimulator.Build.0 = Release|Any CPU
		{676DF95B-60BF-41C4-8486-BA2E0C42F2FB}.Ad-Hoc|iPhoneSimulator.Deploy.0 = Release|Any CPU
		{676DF95B-60BF-41C4-8486-BA2E0C42F2FB}.AppStore|Any CPU.ActiveCfg = Release|Any CPU
		{676DF95B-60BF-41C4-8486-BA2E0C42F2FB}.AppStore|Any CPU.Build.0 = Release|Any CPU
		{676DF95B-60BF-41C4-8486-BA2E0C42F2FB}.AppStore|Any CPU.Deploy.0 = Release|Any CPU
		{676DF95B-60BF-41C4-8486-BA2E0C42F2FB}.AppStore|iPhone.ActiveCfg = Release|Any CPU
		{676DF95B-60BF-41C4-8486-BA2E0C42F2FB}.AppStore|iPhone.Build.0 = Release|Any CPU
		{676DF95B-60BF-41C4-8486-BA2E0C42F2FB}.AppStore|iPhone.Deploy.0 = Release|Any CPU
		{676DF95B-60BF-41C4-8486-BA2E0C42F2FB}.AppStore|iPhoneSimulator.ActiveCfg = Release|Any CPU
		{676DF95B-60BF-41C4-8486-BA2E0C42F2FB}.AppStore|iPhoneSimulator.Build.0 = Release|Any CPU
		{676DF95B-60BF-41C4-8486-BA2E0C42F2FB}.AppStore|iPhoneSimulator.Deploy.0 = Release|Any CPU
		{676DF95B-60BF-41C4-8486-BA2E0C42F2FB}.Debug|Any CPU.ActiveCfg = Debug|Any CPU
		{676DF95B-60BF-41C4-8486-BA2E0C42F2FB}.Debug|Any CPU.Build.0 = Debug|Any CPU
		{676DF95B-60BF-41C4-8486-BA2E0C42F2FB}.Debug|Any CPU.Deploy.0 = Debug|Any CPU
		{676DF95B-60BF-41C4-8486-BA2E0C42F2FB}.Debug|iPhone.ActiveCfg = Debug|Any CPU
		{676DF95B-60BF-41C4-8486-BA2E0C42F2FB}.Debug|iPhone.Build.0 = Debug|Any CPU
		{676DF95B-60BF-41C4-8486-BA2E0C42F2FB}.Debug|iPhone.Deploy.0 = Debug|Any CPU
		{676DF95B-60BF-41C4-8486-BA2E0C42F2FB}.Debug|iPhoneSimulator.ActiveCfg = Debug|Any CPU
		{676DF95B-60BF-41C4-8486-BA2E0C42F2FB}.Debug|iPhoneSimulator.Build.0 = Debug|Any CPU
		{676DF95B-60BF-41C4-8486-BA2E0C42F2FB}.Debug|iPhoneSimulator.Deploy.0 = Debug|Any CPU
		{676DF95B-60BF-41C4-8486-BA2E0C42F2FB}.Release|Any CPU.ActiveCfg = Release|Any CPU
		{676DF95B-60BF-41C4-8486-BA2E0C42F2FB}.Release|Any CPU.Build.0 = Release|Any CPU
		{676DF95B-60BF-41C4-8486-BA2E0C42F2FB}.Release|Any CPU.Deploy.0 = Release|Any CPU
		{676DF95B-60BF-41C4-8486-BA2E0C42F2FB}.Release|iPhone.ActiveCfg = Release|Any CPU
		{676DF95B-60BF-41C4-8486-BA2E0C42F2FB}.Release|iPhone.Build.0 = Release|Any CPU
		{676DF95B-60BF-41C4-8486-BA2E0C42F2FB}.Release|iPhone.Deploy.0 = Release|Any CPU
		{676DF95B-60BF-41C4-8486-BA2E0C42F2FB}.Release|iPhoneSimulator.ActiveCfg = Release|Any CPU
		{676DF95B-60BF-41C4-8486-BA2E0C42F2FB}.Release|iPhoneSimulator.Build.0 = Release|Any CPU
		{676DF95B-60BF-41C4-8486-BA2E0C42F2FB}.Release|iPhoneSimulator.Deploy.0 = Release|Any CPU
		{14F1954C-C4C8-4F48-A8B2-B05B30CF8D3B}.Ad-Hoc|Any CPU.ActiveCfg = Ad-Hoc|iPhone
		{14F1954C-C4C8-4F48-A8B2-B05B30CF8D3B}.Ad-Hoc|iPhone.ActiveCfg = Ad-Hoc|iPhone
		{14F1954C-C4C8-4F48-A8B2-B05B30CF8D3B}.Ad-Hoc|iPhone.Build.0 = Ad-Hoc|iPhone
		{14F1954C-C4C8-4F48-A8B2-B05B30CF8D3B}.Ad-Hoc|iPhone.Deploy.0 = Ad-Hoc|iPhone
		{14F1954C-C4C8-4F48-A8B2-B05B30CF8D3B}.Ad-Hoc|iPhoneSimulator.ActiveCfg = Ad-Hoc|iPhoneSimulator
		{14F1954C-C4C8-4F48-A8B2-B05B30CF8D3B}.Ad-Hoc|iPhoneSimulator.Build.0 = Ad-Hoc|iPhoneSimulator
		{14F1954C-C4C8-4F48-A8B2-B05B30CF8D3B}.Ad-Hoc|iPhoneSimulator.Deploy.0 = Ad-Hoc|iPhoneSimulator
		{14F1954C-C4C8-4F48-A8B2-B05B30CF8D3B}.AppStore|Any CPU.ActiveCfg = AppStore|iPhone
		{14F1954C-C4C8-4F48-A8B2-B05B30CF8D3B}.AppStore|iPhone.ActiveCfg = AppStore|iPhone
		{14F1954C-C4C8-4F48-A8B2-B05B30CF8D3B}.AppStore|iPhone.Build.0 = AppStore|iPhone
		{14F1954C-C4C8-4F48-A8B2-B05B30CF8D3B}.AppStore|iPhoneSimulator.ActiveCfg = AppStore|iPhoneSimulator
		{14F1954C-C4C8-4F48-A8B2-B05B30CF8D3B}.AppStore|iPhoneSimulator.Build.0 = AppStore|iPhoneSimulator
		{14F1954C-C4C8-4F48-A8B2-B05B30CF8D3B}.AppStore|iPhoneSimulator.Deploy.0 = AppStore|iPhoneSimulator
		{14F1954C-C4C8-4F48-A8B2-B05B30CF8D3B}.Debug|Any CPU.ActiveCfg = Debug|iPhone
		{14F1954C-C4C8-4F48-A8B2-B05B30CF8D3B}.Debug|iPhone.ActiveCfg = Debug|iPhone
		{14F1954C-C4C8-4F48-A8B2-B05B30CF8D3B}.Debug|iPhone.Build.0 = Debug|iPhone
		{14F1954C-C4C8-4F48-A8B2-B05B30CF8D3B}.Debug|iPhone.Deploy.0 = Debug|iPhone
		{14F1954C-C4C8-4F48-A8B2-B05B30CF8D3B}.Debug|iPhoneSimulator.ActiveCfg = Debug|iPhoneSimulator
		{14F1954C-C4C8-4F48-A8B2-B05B30CF8D3B}.Debug|iPhoneSimulator.Build.0 = Debug|iPhoneSimulator
		{14F1954C-C4C8-4F48-A8B2-B05B30CF8D3B}.Debug|iPhoneSimulator.Deploy.0 = Debug|iPhoneSimulator
		{14F1954C-C4C8-4F48-A8B2-B05B30CF8D3B}.Release|Any CPU.ActiveCfg = Release|iPhone
		{14F1954C-C4C8-4F48-A8B2-B05B30CF8D3B}.Release|iPhone.ActiveCfg = Release|iPhone
		{14F1954C-C4C8-4F48-A8B2-B05B30CF8D3B}.Release|iPhone.Build.0 = Release|iPhone
		{14F1954C-C4C8-4F48-A8B2-B05B30CF8D3B}.Release|iPhone.Deploy.0 = Release|iPhone
		{14F1954C-C4C8-4F48-A8B2-B05B30CF8D3B}.Release|iPhoneSimulator.ActiveCfg = Release|iPhoneSimulator
		{14F1954C-C4C8-4F48-A8B2-B05B30CF8D3B}.Release|iPhoneSimulator.Build.0 = Release|iPhoneSimulator
		{14F1954C-C4C8-4F48-A8B2-B05B30CF8D3B}.Release|iPhoneSimulator.Deploy.0 = Release|iPhoneSimulator
	EndGlobalSection
	GlobalSection(SolutionProperties) = preSolution
		HideSolutionNode = FALSE
	EndGlobalSection
	GlobalSection(NestedProjects) = preSolution
		{CF18C410-5ED7-408D-98F4-2BF51093FA24} = {F3A73CF4-2B7E-4477-94EA-BD7BD044B126}
		{89E7CCE7-A342-464E-B3ED-CDE8299A52C4} = {F3A73CF4-2B7E-4477-94EA-BD7BD044B126}
		{0251BF33-3043-46AF-97AF-EECFF0EB4162} = {F3A73CF4-2B7E-4477-94EA-BD7BD044B126}
		{BF701A5F-C3D7-4CF5-949C-C2D16E4BD019} = {D0B9A3C1-A7AA-4EE9-BB45-FC4957A9E134}
		{676DF95B-60BF-41C4-8486-BA2E0C42F2FB} = {D0B9A3C1-A7AA-4EE9-BB45-FC4957A9E134}
		{14F1954C-C4C8-4F48-A8B2-B05B30CF8D3B} = {D0B9A3C1-A7AA-4EE9-BB45-FC4957A9E134}
	EndGlobalSection
	GlobalSection(ExtensibilityGlobals) = postSolution
		SolutionGuid = {90D907EC-4407-4033-AB5F-A6EE270EE3D5}
	EndGlobalSection
EndGlobal
